// !$*UTF8*$!
{
	archiveVersion = 1;
	classes = {
	};
	objectVersion = 56;
	objects = {

/* Begin PBXBuildFile section */
		5D7B3D872A582388008F4D64 /* AppDelegate.swift in Sources */ = {isa = PBXBuildFile; fileRef = 5D7B3D862A582388008F4D64 /* AppDelegate.swift */; };
		5D7B3D892A582388008F4D64 /* SceneDelegate.swift in Sources */ = {isa = PBXBuildFile; fileRef = 5D7B3D882A582388008F4D64 /* SceneDelegate.swift */; };
		5D7B3D902A582388008F4D64 /* Assets.xcassets in Resources */ = {isa = PBXBuildFile; fileRef = 5D7B3D8F2A582388008F4D64 /* Assets.xcassets */; };
		5D7B3D932A582388008F4D64 /* LaunchScreen.storyboard in Resources */ = {isa = PBXBuildFile; fileRef = 5D7B3D912A582388008F4D64 /* LaunchScreen.storyboard */; };
		5D7B3D9D2A582427008F4D64 /* AppStartupRouter.swift in Sources */ = {isa = PBXBuildFile; fileRef = 5D7B3D9C2A582427008F4D64 /* AppStartupRouter.swift */; };
		5D7B3DA52A582596008F4D64 /* MoviesRouter.swift in Sources */ = {isa = PBXBuildFile; fileRef = 5D7B3DA02A582596008F4D64 /* MoviesRouter.swift */; };
		5D7B3DA62A582596008F4D64 /* MoviesViewController.swift in Sources */ = {isa = PBXBuildFile; fileRef = 5D7B3DA12A582596008F4D64 /* MoviesViewController.swift */; };
		5D7B3DA72A582596008F4D64 /* MoviesBuilder.swift in Sources */ = {isa = PBXBuildFile; fileRef = 5D7B3DA22A582596008F4D64 /* MoviesBuilder.swift */; };
		5D7B3DA82A582596008F4D64 /* MoviesViewModel.swift in Sources */ = {isa = PBXBuildFile; fileRef = 5D7B3DA32A582596008F4D64 /* MoviesViewModel.swift */; };
		5D7B3DB02A582726008F4D64 /* MovieDiscription.storyboard in Resources */ = {isa = PBXBuildFile; fileRef = 5D7B3DAB2A582726008F4D64 /* MovieDiscription.storyboard */; };
		5D7B3DB12A582726008F4D64 /* MovieDiscriptionRouter.swift in Sources */ = {isa = PBXBuildFile; fileRef = 5D7B3DAC2A582726008F4D64 /* MovieDiscriptionRouter.swift */; };
		5D7B3DB22A582726008F4D64 /* MovieDiscriptionViewController.swift in Sources */ = {isa = PBXBuildFile; fileRef = 5D7B3DAD2A582726008F4D64 /* MovieDiscriptionViewController.swift */; };
		5D7B3DB32A582726008F4D64 /* MovieDiscriptionBuilder.swift in Sources */ = {isa = PBXBuildFile; fileRef = 5D7B3DAE2A582726008F4D64 /* MovieDiscriptionBuilder.swift */; };
		5D7B3DB42A582726008F4D64 /* MovieDiscriptionViewModel.swift in Sources */ = {isa = PBXBuildFile; fileRef = 5D7B3DAF2A582726008F4D64 /* MovieDiscriptionViewModel.swift */; };
		5DE600BD2A582861004ABE05 /* Movies.storyboard in Resources */ = {isa = PBXBuildFile; fileRef = 5DE600BC2A582861004ABE05 /* Movies.storyboard */; };
		5DE600C12A582C6E004ABE05 /* Service.swift in Sources */ = {isa = PBXBuildFile; fileRef = 5DE600C02A582C6E004ABE05 /* Service.swift */; };
		5DE600C32A582CB0004ABE05 /* Error.swift in Sources */ = {isa = PBXBuildFile; fileRef = 5DE600C22A582CB0004ABE05 /* Error.swift */; };
/* End PBXBuildFile section */

/* Begin PBXFileReference section */
		5D7B3D832A582388008F4D64 /* CheetayAssignment.app */ = {isa = PBXFileReference; explicitFileType = wrapper.application; includeInIndex = 0; path = CheetayAssignment.app; sourceTree = BUILT_PRODUCTS_DIR; };
		5D7B3D862A582388008F4D64 /* AppDelegate.swift */ = {isa = PBXFileReference; lastKnownFileType = sourcecode.swift; path = AppDelegate.swift; sourceTree = "<group>"; };
		5D7B3D882A582388008F4D64 /* SceneDelegate.swift */ = {isa = PBXFileReference; lastKnownFileType = sourcecode.swift; path = SceneDelegate.swift; sourceTree = "<group>"; };
		5D7B3D8F2A582388008F4D64 /* Assets.xcassets */ = {isa = PBXFileReference; lastKnownFileType = folder.assetcatalog; path = Assets.xcassets; sourceTree = "<group>"; };
		5D7B3D922A582388008F4D64 /* Base */ = {isa = PBXFileReference; lastKnownFileType = file.storyboard; name = Base; path = Base.lproj/LaunchScreen.storyboard; sourceTree = "<group>"; };
		5D7B3D942A582388008F4D64 /* Info.plist */ = {isa = PBXFileReference; lastKnownFileType = text.plist.xml; path = Info.plist; sourceTree = "<group>"; };
		5D7B3D9C2A582427008F4D64 /* AppStartupRouter.swift */ = {isa = PBXFileReference; lastKnownFileType = sourcecode.swift; path = AppStartupRouter.swift; sourceTree = "<group>"; };
		5D7B3DA02A582596008F4D64 /* MoviesRouter.swift */ = {isa = PBXFileReference; lastKnownFileType = sourcecode.swift; path = MoviesRouter.swift; sourceTree = "<group>"; };
		5D7B3DA12A582596008F4D64 /* MoviesViewController.swift */ = {isa = PBXFileReference; lastKnownFileType = sourcecode.swift; path = MoviesViewController.swift; sourceTree = "<group>"; };
		5D7B3DA22A582596008F4D64 /* MoviesBuilder.swift */ = {isa = PBXFileReference; lastKnownFileType = sourcecode.swift; path = MoviesBuilder.swift; sourceTree = "<group>"; };
		5D7B3DA32A582596008F4D64 /* MoviesViewModel.swift */ = {isa = PBXFileReference; lastKnownFileType = sourcecode.swift; path = MoviesViewModel.swift; sourceTree = "<group>"; };
		5D7B3DAB2A582726008F4D64 /* MovieDiscription.storyboard */ = {isa = PBXFileReference; lastKnownFileType = file.storyboard; path = MovieDiscription.storyboard; sourceTree = "<group>"; };
		5D7B3DAC2A582726008F4D64 /* MovieDiscriptionRouter.swift */ = {isa = PBXFileReference; lastKnownFileType = sourcecode.swift; path = MovieDiscriptionRouter.swift; sourceTree = "<group>"; };
		5D7B3DAD2A582726008F4D64 /* MovieDiscriptionViewController.swift */ = {isa = PBXFileReference; lastKnownFileType = sourcecode.swift; path = MovieDiscriptionViewController.swift; sourceTree = "<group>"; };
		5D7B3DAE2A582726008F4D64 /* MovieDiscriptionBuilder.swift */ = {isa = PBXFileReference; lastKnownFileType = sourcecode.swift; path = MovieDiscriptionBuilder.swift; sourceTree = "<group>"; };
		5D7B3DAF2A582726008F4D64 /* MovieDiscriptionViewModel.swift */ = {isa = PBXFileReference; lastKnownFileType = sourcecode.swift; path = MovieDiscriptionViewModel.swift; sourceTree = "<group>"; };
		5DE600BC2A582861004ABE05 /* Movies.storyboard */ = {isa = PBXFileReference; fileEncoding = 4; lastKnownFileType = file.storyboard; path = Movies.storyboard; sourceTree = "<group>"; };
		5DE600C02A582C6E004ABE05 /* Service.swift */ = {isa = PBXFileReference; lastKnownFileType = sourcecode.swift; path = Service.swift; sourceTree = "<group>"; };
		5DE600C22A582CB0004ABE05 /* Error.swift */ = {isa = PBXFileReference; lastKnownFileType = sourcecode.swift; path = Error.swift; sourceTree = "<group>"; };
/* End PBXFileReference section */

/* Begin PBXFrameworksBuildPhase section */
		5D7B3D802A582388008F4D64 /* Frameworks */ = {
			isa = PBXFrameworksBuildPhase;
			buildActionMask = 2147483647;
			files = (
			);
			runOnlyForDeploymentPostprocessing = 0;
		};
/* End PBXFrameworksBuildPhase section */

/* Begin PBXGroup section */
		5D7B3D7A2A582388008F4D64 = {
			isa = PBXGroup;
			children = (
				5D7B3D852A582388008F4D64 /* CheetayAssignment */,
				5D7B3D842A582388008F4D64 /* Products */,
			);
			sourceTree = "<group>";
		};
		5D7B3D842A582388008F4D64 /* Products */ = {
			isa = PBXGroup;
			children = (
				5D7B3D832A582388008F4D64 /* CheetayAssignment.app */,
			);
			name = Products;
			sourceTree = "<group>";
		};
		5D7B3D852A582388008F4D64 /* CheetayAssignment */ = {
			isa = PBXGroup;
			children = (
				5DE600BF2A582C2D004ABE05 /* Service */,
				5D7B3D9B2A5823F6008F4D64 /* Application Setup */,
				5D7B3D9E2A582571008F4D64 /* Features */,
				5DE600BE2A5829CA004ABE05 /* Resources */,
			);
			path = CheetayAssignment;
			sourceTree = "<group>";
		};
		5D7B3D9B2A5823F6008F4D64 /* Application Setup */ = {
			isa = PBXGroup;
			children = (
				5D7B3D862A582388008F4D64 /* AppDelegate.swift */,
				5D7B3D882A582388008F4D64 /* SceneDelegate.swift */,
				5D7B3D9C2A582427008F4D64 /* AppStartupRouter.swift */,
			);
			path = "Application Setup";
			sourceTree = "<group>";
		};
		5D7B3D9E2A582571008F4D64 /* Features */ = {
			isa = PBXGroup;
			children = (
				5D7B3DA92A5826EA008F4D64 /* Movies */,
				5D7B3DAA2A5826F9008F4D64 /* Movie Discription */,
			);
			path = Features;
			sourceTree = "<group>";
		};
		5D7B3DA92A5826EA008F4D64 /* Movies */ = {
			isa = PBXGroup;
			children = (
				5D7B3DB82A58278E008F4D64 /* Scenes */,
				5D7B3DB72A582784008F4D64 /* Builder */,
			);
			path = Movies;
			sourceTree = "<group>";
		};
		5D7B3DAA2A5826F9008F4D64 /* Movie Discription */ = {
			isa = PBXGroup;
			children = (
				5D7B3DB62A582741008F4D64 /* Builder */,
				5D7B3DB52A582736008F4D64 /* Scenes */,
			);
			path = "Movie Discription";
			sourceTree = "<group>";
		};
		5D7B3DB52A582736008F4D64 /* Scenes */ = {
			isa = PBXGroup;
			children = (
				5D7B3DAB2A582726008F4D64 /* MovieDiscription.storyboard */,
				5D7B3DAC2A582726008F4D64 /* MovieDiscriptionRouter.swift */,
				5D7B3DAD2A582726008F4D64 /* MovieDiscriptionViewController.swift */,
				5D7B3DAF2A582726008F4D64 /* MovieDiscriptionViewModel.swift */,
			);
			path = Scenes;
			sourceTree = "<group>";
		};
		5D7B3DB62A582741008F4D64 /* Builder */ = {
			isa = PBXGroup;
			children = (
				5D7B3DAE2A582726008F4D64 /* MovieDiscriptionBuilder.swift */,
			);
			path = Builder;
			sourceTree = "<group>";
		};
		5D7B3DB72A582784008F4D64 /* Builder */ = {
			isa = PBXGroup;
			children = (
				5D7B3DA22A582596008F4D64 /* MoviesBuilder.swift */,
			);
			path = Builder;
			sourceTree = "<group>";
		};
		5D7B3DB82A58278E008F4D64 /* Scenes */ = {
			isa = PBXGroup;
			children = (
				5DE600BC2A582861004ABE05 /* Movies.storyboard */,
				5D7B3DA02A582596008F4D64 /* MoviesRouter.swift */,
				5D7B3DA12A582596008F4D64 /* MoviesViewController.swift */,
				5D7B3DA32A582596008F4D64 /* MoviesViewModel.swift */,
			);
			path = Scenes;
			sourceTree = "<group>";
		};
		5DE600BE2A5829CA004ABE05 /* Resources */ = {
			isa = PBXGroup;
			children = (
				5D7B3D942A582388008F4D64 /* Info.plist */,
				5D7B3D8F2A582388008F4D64 /* Assets.xcassets */,
				5D7B3D912A582388008F4D64 /* LaunchScreen.storyboard */,
			);
			path = Resources;
			sourceTree = "<group>";
		};
		5DE600BF2A582C2D004ABE05 /* Service */ = {
			isa = PBXGroup;
			children = (
				5DE600C02A582C6E004ABE05 /* Service.swift */,
				5DE600C22A582CB0004ABE05 /* Error.swift */,
			);
			path = Service;
			sourceTree = "<group>";
		};
/* End PBXGroup section */

/* Begin PBXNativeTarget section */
		5D7B3D822A582388008F4D64 /* CheetayAssignment */ = {
			isa = PBXNativeTarget;
			buildConfigurationList = 5D7B3D972A582388008F4D64 /* Build configuration list for PBXNativeTarget "CheetayAssignment" */;
			buildPhases = (
				5D7B3D7F2A582388008F4D64 /* Sources */,
				5D7B3D802A582388008F4D64 /* Frameworks */,
				5D7B3D812A582388008F4D64 /* Resources */,
			);
			buildRules = (
			);
			dependencies = (
			);
			name = CheetayAssignment;
			productName = CheetayAssignment;
			productReference = 5D7B3D832A582388008F4D64 /* CheetayAssignment.app */;
			productType = "com.apple.product-type.application";
		};
/* End PBXNativeTarget section */

/* Begin PBXProject section */
		5D7B3D7B2A582388008F4D64 /* Project object */ = {
			isa = PBXProject;
			attributes = {
				BuildIndependentTargetsInParallel = 1;
				LastSwiftUpdateCheck = 1420;
				LastUpgradeCheck = 1420;
				TargetAttributes = {
					5D7B3D822A582388008F4D64 = {
						CreatedOnToolsVersion = 14.2;
					};
				};
			};
			buildConfigurationList = 5D7B3D7E2A582388008F4D64 /* Build configuration list for PBXProject "CheetayAssignment" */;
			compatibilityVersion = "Xcode 14.0";
			developmentRegion = en;
			hasScannedForEncodings = 0;
			knownRegions = (
				en,
				Base,
			);
			mainGroup = 5D7B3D7A2A582388008F4D64;
			productRefGroup = 5D7B3D842A582388008F4D64 /* Products */;
			projectDirPath = "";
			projectRoot = "";
			targets = (
				5D7B3D822A582388008F4D64 /* CheetayAssignment */,
			);
		};
/* End PBXProject section */

/* Begin PBXResourcesBuildPhase section */
		5D7B3D812A582388008F4D64 /* Resources */ = {
			isa = PBXResourcesBuildPhase;
			buildActionMask = 2147483647;
			files = (
				5D7B3D932A582388008F4D64 /* LaunchScreen.storyboard in Resources */,
				5D7B3D902A582388008F4D64 /* Assets.xcassets in Resources */,
				5D7B3DB02A582726008F4D64 /* MovieDiscription.storyboard in Resources */,
				5DE600BD2A582861004ABE05 /* Movies.storyboard in Resources */,
			);
			runOnlyForDeploymentPostprocessing = 0;
		};
/* End PBXResourcesBuildPhase section */

/* Begin PBXSourcesBuildPhase section */
		5D7B3D7F2A582388008F4D64 /* Sources */ = {
			isa = PBXSourcesBuildPhase;
			buildActionMask = 2147483647;
			files = (
				5D7B3DA72A582596008F4D64 /* MoviesBuilder.swift in Sources */,
				5D7B3DB12A582726008F4D64 /* MovieDiscriptionRouter.swift in Sources */,
				5D7B3DA52A582596008F4D64 /* MoviesRouter.swift in Sources */,
				5DE600C32A582CB0004ABE05 /* Error.swift in Sources */,
				5D7B3DB22A582726008F4D64 /* MovieDiscriptionViewController.swift in Sources */,
				5D7B3D872A582388008F4D64 /* AppDelegate.swift in Sources */,
				5DE600C12A582C6E004ABE05 /* Service.swift in Sources */,
				5D7B3DB42A582726008F4D64 /* MovieDiscriptionViewModel.swift in Sources */,
				5D7B3DB32A582726008F4D64 /* MovieDiscriptionBuilder.swift in Sources */,
				5D7B3D9D2A582427008F4D64 /* AppStartupRouter.swift in Sources */,
				5D7B3D892A582388008F4D64 /* SceneDelegate.swift in Sources */,
				5D7B3DA62A582596008F4D64 /* MoviesViewController.swift in Sources */,
				5D7B3DA82A582596008F4D64 /* MoviesViewModel.swift in Sources */,
			);
			runOnlyForDeploymentPostprocessing = 0;
		};
/* End PBXSourcesBuildPhase section */

/* Begin PBXVariantGroup section */
		5D7B3D912A582388008F4D64 /* LaunchScreen.storyboard */ = {
			isa = PBXVariantGroup;
			children = (
				5D7B3D922A582388008F4D64 /* Base */,
			);
			name = LaunchScreen.storyboard;
			sourceTree = "<group>";
		};
/* End PBXVariantGroup section */

/* Begin XCBuildConfiguration section */
		5D7B3D952A582388008F4D64 /* Debug */ = {
			isa = XCBuildConfiguration;
			buildSettings = {
				ALWAYS_SEARCH_USER_PATHS = NO;
				CLANG_ANALYZER_NONNULL = YES;
				CLANG_ANALYZER_NUMBER_OBJECT_CONVERSION = YES_AGGRESSIVE;
				CLANG_CXX_LANGUAGE_STANDARD = "gnu++20";
				CLANG_ENABLE_MODULES = YES;
				CLANG_ENABLE_OBJC_ARC = YES;
				CLANG_ENABLE_OBJC_WEAK = YES;
				CLANG_WARN_BLOCK_CAPTURE_AUTORELEASING = YES;
				CLANG_WARN_BOOL_CONVERSION = YES;
				CLANG_WARN_COMMA = YES;
				CLANG_WARN_CONSTANT_CONVERSION = YES;
				CLANG_WARN_DEPRECATED_OBJC_IMPLEMENTATIONS = YES;
				CLANG_WARN_DIRECT_OBJC_ISA_USAGE = YES_ERROR;
				CLANG_WARN_DOCUMENTATION_COMMENTS = YES;
				CLANG_WARN_EMPTY_BODY = YES;
				CLANG_WARN_ENUM_CONVERSION = YES;
				CLANG_WARN_INFINITE_RECURSION = YES;
				CLANG_WARN_INT_CONVERSION = YES;
				CLANG_WARN_NON_LITERAL_NULL_CONVERSION = YES;
				CLANG_WARN_OBJC_IMPLICIT_RETAIN_SELF = YES;
				CLANG_WARN_OBJC_LITERAL_CONVERSION = YES;
				CLANG_WARN_OBJC_ROOT_CLASS = YES_ERROR;
				CLANG_WARN_QUOTED_INCLUDE_IN_FRAMEWORK_HEADER = YES;
				CLANG_WARN_RANGE_LOOP_ANALYSIS = YES;
				CLANG_WARN_STRICT_PROTOTYPES = YES;
				CLANG_WARN_SUSPICIOUS_MOVE = YES;
				CLANG_WARN_UNGUARDED_AVAILABILITY = YES_AGGRESSIVE;
				CLANG_WARN_UNREACHABLE_CODE = YES;
				CLANG_WARN__DUPLICATE_METHOD_MATCH = YES;
				COPY_PHASE_STRIP = NO;
				DEBUG_INFORMATION_FORMAT = dwarf;
				ENABLE_STRICT_OBJC_MSGSEND = YES;
				ENABLE_TESTABILITY = YES;
				GCC_C_LANGUAGE_STANDARD = gnu11;
				GCC_DYNAMIC_NO_PIC = NO;
				GCC_NO_COMMON_BLOCKS = YES;
				GCC_OPTIMIZATION_LEVEL = 0;
				GCC_PREPROCESSOR_DEFINITIONS = (
					"DEBUG=1",
					"$(inherited)",
				);
				GCC_WARN_64_TO_32_BIT_CONVERSION = YES;
				GCC_WARN_ABOUT_RETURN_TYPE = YES_ERROR;
				GCC_WARN_UNDECLARED_SELECTOR = YES;
				GCC_WARN_UNINITIALIZED_AUTOS = YES_AGGRESSIVE;
				GCC_WARN_UNUSED_FUNCTION = YES;
				GCC_WARN_UNUSED_VARIABLE = YES;
				IPHONEOS_DEPLOYMENT_TARGET = 16.2;
				MTL_ENABLE_DEBUG_INFO = INCLUDE_SOURCE;
				MTL_FAST_MATH = YES;
				ONLY_ACTIVE_ARCH = YES;
				SDKROOT = iphoneos;
				SWIFT_ACTIVE_COMPILATION_CONDITIONS = DEBUG;
				SWIFT_OPTIMIZATION_LEVEL = "-Onone";
			};
			name = Debug;
		};
		5D7B3D962A582388008F4D64 /* Release */ = {
			isa = XCBuildConfiguration;
			buildSettings = {
				ALWAYS_SEARCH_USER_PATHS = NO;
				CLANG_ANALYZER_NONNULL = YES;
				CLANG_ANALYZER_NUMBER_OBJECT_CONVERSION = YES_AGGRESSIVE;
				CLANG_CXX_LANGUAGE_STANDARD = "gnu++20";
				CLANG_ENABLE_MODULES = YES;
				CLANG_ENABLE_OBJC_ARC = YES;
				CLANG_ENABLE_OBJC_WEAK = YES;
				CLANG_WARN_BLOCK_CAPTURE_AUTORELEASING = YES;
				CLANG_WARN_BOOL_CONVERSION = YES;
				CLANG_WARN_COMMA = YES;
				CLANG_WARN_CONSTANT_CONVERSION = YES;
				CLANG_WARN_DEPRECATED_OBJC_IMPLEMENTATIONS = YES;
				CLANG_WARN_DIRECT_OBJC_ISA_USAGE = YES_ERROR;
				CLANG_WARN_DOCUMENTATION_COMMENTS = YES;
				CLANG_WARN_EMPTY_BODY = YES;
				CLANG_WARN_ENUM_CONVERSION = YES;
				CLANG_WARN_INFINITE_RECURSION = YES;
				CLANG_WARN_INT_CONVERSION = YES;
				CLANG_WARN_NON_LITERAL_NULL_CONVERSION = YES;
				CLANG_WARN_OBJC_IMPLICIT_RETAIN_SELF = YES;
				CLANG_WARN_OBJC_LITERAL_CONVERSION = YES;
				CLANG_WARN_OBJC_ROOT_CLASS = YES_ERROR;
				CLANG_WARN_QUOTED_INCLUDE_IN_FRAMEWORK_HEADER = YES;
				CLANG_WARN_RANGE_LOOP_ANALYSIS = YES;
				CLANG_WARN_STRICT_PROTOTYPES = YES;
				CLANG_WARN_SUSPICIOUS_MOVE = YES;
				CLANG_WARN_UNGUARDED_AVAILABILITY = YES_AGGRESSIVE;
				CLANG_WARN_UNREACHABLE_CODE = YES;
				CLANG_WARN__DUPLICATE_METHOD_MATCH = YES;
				COPY_PHASE_STRIP = NO;
				DEBUG_INFORMATION_FORMAT = "dwarf-with-dsym";
				ENABLE_NS_ASSERTIONS = NO;
				ENABLE_STRICT_OBJC_MSGSEND = YES;
				GCC_C_LANGUAGE_STANDARD = gnu11;
				GCC_NO_COMMON_BLOCKS = YES;
				GCC_WARN_64_TO_32_BIT_CONVERSION = YES;
				GCC_WARN_ABOUT_RETURN_TYPE = YES_ERROR;
				GCC_WARN_UNDECLARED_SELECTOR = YES;
				GCC_WARN_UNINITIALIZED_AUTOS = YES_AGGRESSIVE;
				GCC_WARN_UNUSED_FUNCTION = YES;
				GCC_WARN_UNUSED_VARIABLE = YES;
				IPHONEOS_DEPLOYMENT_TARGET = 16.2;
				MTL_ENABLE_DEBUG_INFO = NO;
				MTL_FAST_MATH = YES;
				SDKROOT = iphoneos;
				SWIFT_COMPILATION_MODE = wholemodule;
				SWIFT_OPTIMIZATION_LEVEL = "-O";
				VALIDATE_PRODUCT = YES;
			};
			name = Release;
		};
		5D7B3D982A582388008F4D64 /* Debug */ = {
			isa = XCBuildConfiguration;
			buildSettings = {
				ASSETCATALOG_COMPILER_APPICON_NAME = AppIcon;
				ASSETCATALOG_COMPILER_GLOBAL_ACCENT_COLOR_NAME = AccentColor;
				CODE_SIGN_STYLE = Automatic;
				CURRENT_PROJECT_VERSION = 1;
				DEVELOPMENT_TEAM = YHFEPE3JW3;
				GENERATE_INFOPLIST_FILE = YES;
				INFOPLIST_FILE = CheetayAssignment/Resources/Info.plist;
				INFOPLIST_KEY_UIApplicationSupportsIndirectInputEvents = YES;
				INFOPLIST_KEY_UILaunchStoryboardName = LaunchScreen;
				INFOPLIST_KEY_UIMainStoryboardFile = "";
				INFOPLIST_KEY_UISupportedInterfaceOrientations_iPad = "UIInterfaceOrientationPortrait UIInterfaceOrientationPortraitUpsideDown UIInterfaceOrientationLandscapeLeft UIInterfaceOrientationLandscapeRight";
				INFOPLIST_KEY_UISupportedInterfaceOrientations_iPhone = "UIInterfaceOrientationPortrait UIInterfaceOrientationLandscapeLeft UIInterfaceOrientationLandscapeRight";
				LD_RUNPATH_SEARCH_PATHS = (
					"$(inherited)",
					"@executable_path/Frameworks",
				);
				MARKETING_VERSION = 1.0;
				PRODUCT_BUNDLE_IDENTIFIER = com.tech.CheetayAssignment;
				PRODUCT_NAME = "$(TARGET_NAME)";
				SWIFT_EMIT_LOC_STRINGS = YES;
				SWIFT_VERSION = 5.0;
				TARGETED_DEVICE_FAMILY = "1,2";
			};
			name = Debug;
		};
		5D7B3D992A582388008F4D64 /* Release */ = {
			isa = XCBuildConfiguration;
			buildSettings = {
				ASSETCATALOG_COMPILER_APPICON_NAME = AppIcon;
				ASSETCATALOG_COMPILER_GLOBAL_ACCENT_COLOR_NAME = AccentColor;
				CODE_SIGN_STYLE = Automatic;
				CURRENT_PROJECT_VERSION = 1;
				DEVELOPMENT_TEAM = YHFEPE3JW3;
				GENERATE_INFOPLIST_FILE = YES;
				INFOPLIST_FILE = CheetayAssignment/Resources/Info.plist;
				INFOPLIST_KEY_UIApplicationSupportsIndirectInputEvents = YES;
				INFOPLIST_KEY_UILaunchStoryboardName = LaunchScreen;
				INFOPLIST_KEY_UIMainStoryboardFile = "";
				INFOPLIST_KEY_UISupportedInterfaceOrientations_iPad = "UIInterfaceOrientationPortrait UIInterfaceOrientationPortraitUpsideDown UIInterfaceOrientationLandscapeLeft UIInterfaceOrientationLandscapeRight";
				INFOPLIST_KEY_UISupportedInterfaceOrientations_iPhone = "UIInterfaceOrientationPortrait UIInterfaceOrientationLandscapeLeft UIInterfaceOrientationLandscapeRight";
				LD_RUNPATH_SEARCH_PATHS = (
					"$(inherited)",
					"@executable_path/Frameworks",
				);
				MARKETING_VERSION = 1.0;
				PRODUCT_BUNDLE_IDENTIFIER = com.tech.CheetayAssignment;
				PRODUCT_NAME = "$(TARGET_NAME)";
				SWIFT_EMIT_LOC_STRINGS = YES;
				SWIFT_VERSION = 5.0;
				TARGETED_DEVICE_FAMILY = "1,2";
			};
			name = Release;
		};
/* End XCBuildConfiguration section */

/* Begin XCConfigurationList section */
		5D7B3D7E2A582388008F4D64 /* Build configuration list for PBXProject "CheetayAssignment" */ = {
			isa = XCConfigurationList;
			buildConfigurations = (
				5D7B3D952A582388008F4D64 /* Debug */,
				5D7B3D962A582388008F4D64 /* Release */,
			);
			defaultConfigurationIsVisible = 0;
			defaultConfigurationName = Release;
		};
		5D7B3D972A582388008F4D64 /* Build configuration list for PBXNativeTarget "CheetayAssignment" */ = {
			isa = XCConfigurationList;
			buildConfigurations = (
				5D7B3D982A582388008F4D64 /* Debug */,
				5D7B3D992A582388008F4D64 /* Release */,
			);
			defaultConfigurationIsVisible = 0;
			defaultConfigurationName = Release;
		};
/* End XCConfigurationList section */
	};
	rootObject = 5D7B3D7B2A582388008F4D64 /* Project object */;
}
